
Microsoft Visual Studio Solution File, Format Version 12.00
# Visual Studio Version 17
VisualStudioVersion = 17.1.32319.34
MinimumVisualStudioVersion = 10.0.40219.1
Project("{FAE04EC0-301F-11D3-BF4B-00C04F79EFBC}") = "Feedy-UI", "Feedy-UI.csproj", "{7D6DD2F5-397A-44E0-AB27-C89AC439EA56}"
EndProject
Project("{8BC9CEB8-8B4A-11D0-8D11-00A0C91BC942}") = "TinyXML", "..\Externals\TinyXML\TinyXML.vcxproj", "{D3D2BDBD-2097-4441-B8F5-8927E91F2B4A}"
EndProject
Global
	GlobalSection(SolutionConfigurationPlatforms) = preSolution
		Debug|Any CPU = Debug|Any CPU
		Debug|x64 = Debug|x64
		Debug|x86 = Debug|x86
		DebugRemote|Any CPU = DebugRemote|Any CPU
		DebugRemote|x64 = DebugRemote|x64
		DebugRemote|x86 = DebugRemote|x86
		ReleaseCS|Any CPU = ReleaseCS|Any CPU
		ReleaseCS|x64 = ReleaseCS|x64
		ReleaseCS|x86 = ReleaseCS|x86
	EndGlobalSection
	GlobalSection(ProjectConfigurationPlatforms) = postSolution
		{7D6DD2F5-397A-44E0-AB27-C89AC439EA56}.Debug|Any CPU.ActiveCfg = Debug|Any CPU
		{7D6DD2F5-397A-44E0-AB27-C89AC439EA56}.Debug|Any CPU.Build.0 = Debug|Any CPU
		{7D6DD2F5-397A-44E0-AB27-C89AC439EA56}.Debug|x64.ActiveCfg = Debug|Any CPU
		{7D6DD2F5-397A-44E0-AB27-C89AC439EA56}.Debug|x64.Build.0 = Debug|Any CPU
		{7D6DD2F5-397A-44E0-AB27-C89AC439EA56}.Debug|x86.ActiveCfg = Debug|Any CPU
		{7D6DD2F5-397A-44E0-AB27-C89AC439EA56}.Debug|x86.Build.0 = Debug|Any CPU
		{7D6DD2F5-397A-44E0-AB27-C89AC439EA56}.DebugRemote|Any CPU.ActiveCfg = DebugRemote|Any CPU
		{7D6DD2F5-397A-44E0-AB27-C89AC439EA56}.DebugRemote|Any CPU.Build.0 = DebugRemote|Any CPU
		{7D6DD2F5-397A-44E0-AB27-C89AC439EA56}.DebugRemote|x64.ActiveCfg = DebugRemote|Any CPU
		{7D6DD2F5-397A-44E0-AB27-C89AC439EA56}.DebugRemote|x64.Build.0 = DebugRemote|Any CPU
		{7D6DD2F5-397A-44E0-AB27-C89AC439EA56}.DebugRemote|x86.ActiveCfg = DebugRemote|Any CPU
		{7D6DD2F5-397A-44E0-AB27-C89AC439EA56}.DebugRemote|x86.Build.0 = DebugRemote|Any CPU
		{7D6DD2F5-397A-44E0-AB27-C89AC439EA56}.ReleaseCS|Any CPU.ActiveCfg = ReleaseCS|Any CPU
		{7D6DD2F5-397A-44E0-AB27-C89AC439EA56}.ReleaseCS|Any CPU.Build.0 = ReleaseCS|Any CPU
		{7D6DD2F5-397A-44E0-AB27-C89AC439EA56}.ReleaseCS|x64.ActiveCfg = ReleaseCS|Any CPU
		{7D6DD2F5-397A-44E0-AB27-C89AC439EA56}.ReleaseCS|x64.Build.0 = ReleaseCS|Any CPU
		{7D6DD2F5-397A-44E0-AB27-C89AC439EA56}.ReleaseCS|x86.ActiveCfg = ReleaseCS|Any CPU
		{7D6DD2F5-397A-44E0-AB27-C89AC439EA56}.ReleaseCS|x86.Build.0 = ReleaseCS|Any CPU
		{D3D2BDBD-2097-4441-B8F5-8927E91F2B4A}.Debug|Any CPU.ActiveCfg = Debug|Win32
		{D3D2BDBD-2097-4441-B8F5-8927E91F2B4A}.Debug|Any CPU.Build.0 = Debug|Win32
		{D3D2BDBD-2097-4441-B8F5-8927E91F2B4A}.Debug|x64.ActiveCfg = Debug|x64
		{D3D2BDBD-2097-4441-B8F5-8927E91F2B4A}.Debug|x64.Build.0 = Debug|x64
		{D3D2BDBD-2097-4441-B8F5-8927E91F2B4A}.Debug|x86.ActiveCfg = Debug|Win32
		{D3D2BDBD-2097-4441-B8F5-8927E91F2B4A}.Debug|x86.Build.0 = Debug|Win32
		{D3D2BDBD-2097-4441-B8F5-8927E91F2B4A}.DebugRemote|Any CPU.ActiveCfg = DebugRemote|x64
		{D3D2BDBD-2097-4441-B8F5-8927E91F2B4A}.DebugRemote|Any CPU.Build.0 = DebugRemote|x64
		{D3D2BDBD-2097-4441-B8F5-8927E91F2B4A}.DebugRemote|x64.ActiveCfg = DebugRemote|x64
		{D3D2BDBD-2097-4441-B8F5-8927E91F2B4A}.DebugRemote|x64.Build.0 = DebugRemote|x64
		{D3D2BDBD-2097-4441-B8F5-8927E91F2B4A}.DebugRemote|x86.ActiveCfg = DebugRemote|Win32
		{D3D2BDBD-2097-4441-B8F5-8927E91F2B4A}.DebugRemote|x86.Build.0 = DebugRemote|Win32
		{D3D2BDBD-2097-4441-B8F5-8927E91F2B4A}.ReleaseCS|Any CPU.ActiveCfg = ReleaseCS|Win32
		{D3D2BDBD-2097-4441-B8F5-8927E91F2B4A}.ReleaseCS|Any CPU.Build.0 = ReleaseCS|Win32
		{D3D2BDBD-2097-4441-B8F5-8927E91F2B4A}.ReleaseCS|x64.ActiveCfg = ReleaseCS|x64
		{D3D2BDBD-2097-4441-B8F5-8927E91F2B4A}.ReleaseCS|x64.Build.0 = ReleaseCS|x64
		{D3D2BDBD-2097-4441-B8F5-8927E91F2B4A}.ReleaseCS|x86.ActiveCfg = ReleaseCS|Win32
		{D3D2BDBD-2097-4441-B8F5-8927E91F2B4A}.ReleaseCS|x86.Build.0 = ReleaseCS|Win32
	EndGlobalSection
	GlobalSection(SolutionProperties) = preSolution
		HideSolutionNode = FALSE
	EndGlobalSection
	GlobalSection(ExtensibilityGlobals) = postSolution
		SolutionGuid = {B2A17FE7-7BA9-43E4-B868-93E555191F6D}
	EndGlobalSection
EndGlobal
