
Microsoft Visual Studio Solution File, Format Version 12.00
# Visual Studio Version 17
VisualStudioVersion = 17.0.32014.148
MinimumVisualStudioVersion = 10.0.40219.1
Project("{8BC9CEB8-8B4A-11D0-8D11-00A0C91BC942}") = "Feedy-Ctrl", "Feedy-Ctrl.vcxproj", "{DC554E1A-3136-4E48-A2A3-5B4B481DB6C4}"
	ProjectSection(ProjectDependencies) = postProject
		{B17DA360-D1DF-4AC5-964A-77A11030D68F} = {B17DA360-D1DF-4AC5-964A-77A11030D68F}
		{D3D2BDBD-2097-4441-B8F5-8927E91F2B4A} = {D3D2BDBD-2097-4441-B8F5-8927E91F2B4A}
	EndProjectSection
EndProject
Project("{8BC9CEB8-8B4A-11D0-8D11-00A0C91BC942}") = "TinyXML", "..\Externals\TinyXML\TinyXML.vcxproj", "{D3D2BDBD-2097-4441-B8F5-8927E91F2B4A}"
EndProject
Project("{8BC9CEB8-8B4A-11D0-8D11-00A0C91BC942}") = "EZ-Lib", "..\EZ-Lib\EZ-Lib.vcxproj", "{B17DA360-D1DF-4AC5-964A-77A11030D68F}"
	ProjectSection(ProjectDependencies) = postProject
		{D3D2BDBD-2097-4441-B8F5-8927E91F2B4A} = {D3D2BDBD-2097-4441-B8F5-8927E91F2B4A}
	EndProjectSection
EndProject
Global
	GlobalSection(SolutionConfigurationPlatforms) = preSolution
		Debug|Win32 = Debug|Win32
		Debug|x64 = Debug|x64
		Debug|x86 = Debug|x86
		DebugRemote|Win32 = DebugRemote|Win32
		DebugRemote|x64 = DebugRemote|x64
		DebugRemote|x86 = DebugRemote|x86
		Release|Win32 = Release|Win32
		Release|x64 = Release|x64
		Release|x86 = Release|x86
	EndGlobalSection
	GlobalSection(ProjectConfigurationPlatforms) = postSolution
		{DC554E1A-3136-4E48-A2A3-5B4B481DB6C4}.Debug|Win32.ActiveCfg = Debug|Win32
		{DC554E1A-3136-4E48-A2A3-5B4B481DB6C4}.Debug|Win32.Build.0 = Debug|Win32
		{DC554E1A-3136-4E48-A2A3-5B4B481DB6C4}.Debug|x64.ActiveCfg = Debug|x64
		{DC554E1A-3136-4E48-A2A3-5B4B481DB6C4}.Debug|x64.Build.0 = Debug|x64
		{DC554E1A-3136-4E48-A2A3-5B4B481DB6C4}.Debug|x86.ActiveCfg = Debug|Win32
		{DC554E1A-3136-4E48-A2A3-5B4B481DB6C4}.Debug|x86.Build.0 = Debug|Win32
		{DC554E1A-3136-4E48-A2A3-5B4B481DB6C4}.DebugRemote|Win32.ActiveCfg = DebugRemote|Win32
		{DC554E1A-3136-4E48-A2A3-5B4B481DB6C4}.DebugRemote|Win32.Build.0 = DebugRemote|Win32
		{DC554E1A-3136-4E48-A2A3-5B4B481DB6C4}.DebugRemote|x64.ActiveCfg = DebugRemote|x64
		{DC554E1A-3136-4E48-A2A3-5B4B481DB6C4}.DebugRemote|x64.Build.0 = DebugRemote|x64
		{DC554E1A-3136-4E48-A2A3-5B4B481DB6C4}.DebugRemote|x86.ActiveCfg = DebugRemote|Win32
		{DC554E1A-3136-4E48-A2A3-5B4B481DB6C4}.DebugRemote|x86.Build.0 = DebugRemote|Win32
		{DC554E1A-3136-4E48-A2A3-5B4B481DB6C4}.Release|Win32.ActiveCfg = Release|Win32
		{DC554E1A-3136-4E48-A2A3-5B4B481DB6C4}.Release|Win32.Build.0 = Release|Win32
		{DC554E1A-3136-4E48-A2A3-5B4B481DB6C4}.Release|x64.ActiveCfg = Release|x64
		{DC554E1A-3136-4E48-A2A3-5B4B481DB6C4}.Release|x64.Build.0 = Release|x64
		{DC554E1A-3136-4E48-A2A3-5B4B481DB6C4}.Release|x86.ActiveCfg = Release|Win32
		{DC554E1A-3136-4E48-A2A3-5B4B481DB6C4}.Release|x86.Build.0 = Release|Win32
		{D3D2BDBD-2097-4441-B8F5-8927E91F2B4A}.Debug|Win32.ActiveCfg = Debug|Win32
		{D3D2BDBD-2097-4441-B8F5-8927E91F2B4A}.Debug|Win32.Build.0 = Debug|Win32
		{D3D2BDBD-2097-4441-B8F5-8927E91F2B4A}.Debug|x64.ActiveCfg = Debug|x64
		{D3D2BDBD-2097-4441-B8F5-8927E91F2B4A}.Debug|x64.Build.0 = Debug|x64
		{D3D2BDBD-2097-4441-B8F5-8927E91F2B4A}.Debug|x86.ActiveCfg = Debug|Win32
		{D3D2BDBD-2097-4441-B8F5-8927E91F2B4A}.Debug|x86.Build.0 = Debug|Win32
		{D3D2BDBD-2097-4441-B8F5-8927E91F2B4A}.DebugRemote|Win32.ActiveCfg = DebugRemote|Win32
		{D3D2BDBD-2097-4441-B8F5-8927E91F2B4A}.DebugRemote|Win32.Build.0 = DebugRemote|Win32
		{D3D2BDBD-2097-4441-B8F5-8927E91F2B4A}.DebugRemote|x64.ActiveCfg = DebugRemote|x64
		{D3D2BDBD-2097-4441-B8F5-8927E91F2B4A}.DebugRemote|x64.Build.0 = DebugRemote|x64
		{D3D2BDBD-2097-4441-B8F5-8927E91F2B4A}.DebugRemote|x86.ActiveCfg = DebugRemote|Win32
		{D3D2BDBD-2097-4441-B8F5-8927E91F2B4A}.DebugRemote|x86.Build.0 = DebugRemote|Win32
		{D3D2BDBD-2097-4441-B8F5-8927E91F2B4A}.Release|Win32.ActiveCfg = Release|Win32
		{D3D2BDBD-2097-4441-B8F5-8927E91F2B4A}.Release|Win32.Build.0 = Release|Win32
		{D3D2BDBD-2097-4441-B8F5-8927E91F2B4A}.Release|x64.ActiveCfg = Release|x64
		{D3D2BDBD-2097-4441-B8F5-8927E91F2B4A}.Release|x64.Build.0 = Release|x64
		{D3D2BDBD-2097-4441-B8F5-8927E91F2B4A}.Release|x86.ActiveCfg = Release|Win32
		{D3D2BDBD-2097-4441-B8F5-8927E91F2B4A}.Release|x86.Build.0 = Release|Win32
		{B17DA360-D1DF-4AC5-964A-77A11030D68F}.Debug|Win32.ActiveCfg = Debug|Win32
		{B17DA360-D1DF-4AC5-964A-77A11030D68F}.Debug|Win32.Build.0 = Debug|Win32
		{B17DA360-D1DF-4AC5-964A-77A11030D68F}.Debug|x64.ActiveCfg = Debug|x64
		{B17DA360-D1DF-4AC5-964A-77A11030D68F}.Debug|x64.Build.0 = Debug|x64
		{B17DA360-D1DF-4AC5-964A-77A11030D68F}.Debug|x86.ActiveCfg = Debug|Win32
		{B17DA360-D1DF-4AC5-964A-77A11030D68F}.Debug|x86.Build.0 = Debug|Win32
		{B17DA360-D1DF-4AC5-964A-77A11030D68F}.DebugRemote|Win32.ActiveCfg = DebugRemote|Win32
		{B17DA360-D1DF-4AC5-964A-77A11030D68F}.DebugRemote|Win32.Build.0 = DebugRemote|Win32
		{B17DA360-D1DF-4AC5-964A-77A11030D68F}.DebugRemote|x64.ActiveCfg = DebugRemote|x64
		{B17DA360-D1DF-4AC5-964A-77A11030D68F}.DebugRemote|x64.Build.0 = DebugRemote|x64
		{B17DA360-D1DF-4AC5-964A-77A11030D68F}.DebugRemote|x86.ActiveCfg = DebugRemote|Win32
		{B17DA360-D1DF-4AC5-964A-77A11030D68F}.DebugRemote|x86.Build.0 = DebugRemote|Win32
		{B17DA360-D1DF-4AC5-964A-77A11030D68F}.Release|Win32.ActiveCfg = Release|Win32
		{B17DA360-D1DF-4AC5-964A-77A11030D68F}.Release|Win32.Build.0 = Release|Win32
		{B17DA360-D1DF-4AC5-964A-77A11030D68F}.Release|x64.ActiveCfg = Release|x64
		{B17DA360-D1DF-4AC5-964A-77A11030D68F}.Release|x64.Build.0 = Release|x64
		{B17DA360-D1DF-4AC5-964A-77A11030D68F}.Release|x86.ActiveCfg = Release|Win32
		{B17DA360-D1DF-4AC5-964A-77A11030D68F}.Release|x86.Build.0 = Release|Win32
	EndGlobalSection
	GlobalSection(SolutionProperties) = preSolution
		HideSolutionNode = FALSE
	EndGlobalSection
	GlobalSection(ExtensibilityGlobals) = postSolution
		SolutionGuid = {0D82A96A-1F35-4C73-AC95-844CEED74EB5}
	EndGlobalSection
EndGlobal
